{
  "name": "pain2mvp",
  "version": "0.1.0",
  "lockfileVersion": 3,
  "requires": true,
  "packages": {
    "": {
      "name": "pain2mvp",
      "version": "0.1.0",
      "dependencies": {
        "@tidbcloud/serverless": "^0.3.0"
      }
    },
    "node_modules/@tidbcloud/serverless": {
      "version": "0.3.0",
      "resolved": "https://registry.npmjs.org/@tidbcloud/serverless/-/serverless-0.3.0.tgz",
      "integrity": "sha512-SrTqKNPuskV8GTm574d9otox8GAKXrsoF5NfQ5fiDirR+ao+eE6O2pfWr5zLhmFLQRbeuT8SKaUD+JOK0Z7gyQ==",
      "license": "Apache-2.0",
      "engines": {
        "node": ">=16"
      }
    }
  }
}
